
Microsoft Visual Studio Solution File, Format Version 12.00
# Visual Studio Version 17
VisualStudioVersion = 17.5.33530.505
MinimumVisualStudioVersion = 10.0.40219.1
Project("{FAE04EC0-301F-11D3-BF4B-00C04F79EFBC}") = "BuscaCEPMobile.Android", "BuscaCEPMobile\BuscaCEPMobile.Android\BuscaCEPMobile.Android.csproj", "{72746575-B6B8-4791-9F17-7BD146BD9CDC}"
EndProject
Project("{FAE04EC0-301F-11D3-BF4B-00C04F79EFBC}") = "BuscaCEPMobile", "BuscaCEPMobile\BuscaCEPMobile\BuscaCEPMobile.csproj", "{4DC0A179-E0C4-440E-B8F6-2EAC1B198BDA}"
EndProject
Global
	GlobalSection(SolutionConfigurationPlatforms) = preSolution
		Debug|Any CPU = Debug|Any CPU
		Release|Any CPU = Release|Any CPU
	EndGlobalSection
	GlobalSection(ProjectConfigurationPlatforms) = postSolution
		{72746575-B6B8-4791-9F17-7BD146BD9CDC}.Debug|Any CPU.ActiveCfg = Debug|Any CPU
		{72746575-B6B8-4791-9F17-7BD146BD9CDC}.Debug|Any CPU.Build.0 = Debug|Any CPU
		{72746575-B6B8-4791-9F17-7BD146BD9CDC}.Debug|Any CPU.Deploy.0 = Debug|Any CPU
		{72746575-B6B8-4791-9F17-7BD146BD9CDC}.Release|Any CPU.ActiveCfg = Release|Any CPU
		{72746575-B6B8-4791-9F17-7BD146BD9CDC}.Release|Any CPU.Build.0 = Release|Any CPU
		{72746575-B6B8-4791-9F17-7BD146BD9CDC}.Release|Any CPU.Deploy.0 = Release|Any CPU
		{4DC0A179-E0C4-440E-B8F6-2EAC1B198BDA}.Debug|Any CPU.ActiveCfg = Debug|Any CPU
		{4DC0A179-E0C4-440E-B8F6-2EAC1B198BDA}.Debug|Any CPU.Build.0 = Debug|Any CPU
		{4DC0A179-E0C4-440E-B8F6-2EAC1B198BDA}.Debug|Any CPU.Deploy.0 = Debug|Any CPU
		{4DC0A179-E0C4-440E-B8F6-2EAC1B198BDA}.Release|Any CPU.ActiveCfg = Release|Any CPU
		{4DC0A179-E0C4-440E-B8F6-2EAC1B198BDA}.Release|Any CPU.Build.0 = Release|Any CPU
		{4DC0A179-E0C4-440E-B8F6-2EAC1B198BDA}.Release|Any CPU.Deploy.0 = Release|Any CPU
	EndGlobalSection
	GlobalSection(SolutionProperties) = preSolution
		HideSolutionNode = FALSE
	EndGlobalSection
	GlobalSection(ExtensibilityGlobals) = postSolution
		SolutionGuid = {4E3F8EA2-8687-4014-8F81-BA079AC32C53}
	EndGlobalSection
EndGlobal
